
Microsoft Visual Studio Solution File, Format Version 12.00
Project("{FAE04EC0-301F-11D3-BF4B-00C04F79EFBC}") = "Pre.PEJobApplicationSystem.Cons", "Pre.PEJobApplicationSystem.Cons\Pre.PEJobApplicationSystem.Cons.csproj", "{01D5A799-E253-4415-966D-EFA572C63B4C}"
EndProject
Project("{FAE04EC0-301F-11D3-BF4B-00C04F79EFBC}") = "Pre.PEJobApplicationSystem.Core", "Pre.PEJobApplicationSystem.Core\Pre.PEJobApplicationSystem.Core.csproj", "{21E4EC38-CB19-48C6-BF86-24F9E1E2A8CD}"
EndProject
Global
	GlobalSection(SolutionConfigurationPlatforms) = preSolution
		Debug|Any CPU = Debug|Any CPU
		Release|Any CPU = Release|Any CPU
	EndGlobalSection
	GlobalSection(ProjectConfigurationPlatforms) = postSolution
		{01D5A799-E253-4415-966D-EFA572C63B4C}.Debug|Any CPU.ActiveCfg = Debug|Any CPU
		{01D5A799-E253-4415-966D-EFA572C63B4C}.Debug|Any CPU.Build.0 = Debug|Any CPU
		{01D5A799-E253-4415-966D-EFA572C63B4C}.Release|Any CPU.ActiveCfg = Release|Any CPU
		{01D5A799-E253-4415-966D-EFA572C63B4C}.Release|Any CPU.Build.0 = Release|Any CPU
		{21E4EC38-CB19-48C6-BF86-24F9E1E2A8CD}.Debug|Any CPU.ActiveCfg = Debug|Any CPU
		{21E4EC38-CB19-48C6-BF86-24F9E1E2A8CD}.Debug|Any CPU.Build.0 = Debug|Any CPU
		{21E4EC38-CB19-48C6-BF86-24F9E1E2A8CD}.Release|Any CPU.ActiveCfg = Release|Any CPU
		{21E4EC38-CB19-48C6-BF86-24F9E1E2A8CD}.Release|Any CPU.Build.0 = Release|Any CPU
	EndGlobalSection
EndGlobal
